
Microsoft Visual Studio Solution File, Format Version 11.00
# Visual Studio 2010
Project("{8BC9CEB8-8B4A-11D0-8D11-00A0C91BC942}") = "inf1608_lab1", "inf1608_lab1\inf1608_lab1.vcxproj", "{411260F5-2406-42A9-8E27-F6F096BC3AED}"
EndProject
Global
	GlobalSection(SolutionConfigurationPlatforms) = preSolution
		Debug|Win32 = Debug|Win32
		Release|Win32 = Release|Win32
	EndGlobalSection
	GlobalSection(ProjectConfigurationPlatforms) = postSolution
		{411260F5-2406-42A9-8E27-F6F096BC3AED}.Debug|Win32.ActiveCfg = Debug|Win32
		{411260F5-2406-42A9-8E27-F6F096BC3AED}.Debug|Win32.Build.0 = Debug|Win32
		{411260F5-2406-42A9-8E27-F6F096BC3AED}.Release|Win32.ActiveCfg = Release|Win32
		{411260F5-2406-42A9-8E27-F6F096BC3AED}.Release|Win32.Build.0 = Release|Win32
	EndGlobalSection
	GlobalSection(SolutionProperties) = preSolution
		HideSolutionNode = FALSE
	EndGlobalSection
EndGlobal
